// !$*UTF8*$!
{
	archiveVersion = 1;
	classes = {
	};
	objectVersion = 50;
	objects = {

/* Begin PBXBuildFile section */
		A32FEFBE242515E2001168C7 /* AppDelegate.swift in Sources */ = {isa = PBXBuildFile; fileRef = A32FEFBD242515E2001168C7 /* AppDelegate.swift */; };
		A32FEFC0242515E2001168C7 /* SceneDelegate.swift in Sources */ = {isa = PBXBuildFile; fileRef = A32FEFBF242515E2001168C7 /* SceneDelegate.swift */; };
		A32FEFC3242515E2001168C7 /* _4_swiftUI_App_Example.xcdatamodeld in Sources */ = {isa = PBXBuildFile; fileRef = A32FEFC1242515E2001168C7 /* _4_swiftUI_App_Example.xcdatamodeld */; };
		A32FEFC5242515E2001168C7 /* ContentView.swift in Sources */ = {isa = PBXBuildFile; fileRef = A32FEFC4242515E2001168C7 /* ContentView.swift */; };
		A32FEFC7242515E3001168C7 /* Assets.xcassets in Resources */ = {isa = PBXBuildFile; fileRef = A32FEFC6242515E3001168C7 /* Assets.xcassets */; };
		A32FEFCA242515E3001168C7 /* Preview Assets.xcassets in Resources */ = {isa = PBXBuildFile; fileRef = A32FEFC9242515E3001168C7 /* Preview Assets.xcassets */; };
		A32FEFCD242515E3001168C7 /* LaunchScreen.storyboard in Resources */ = {isa = PBXBuildFile; fileRef = A32FEFCB242515E3001168C7 /* LaunchScreen.storyboard */; };
/* End PBXBuildFile section */

/* Begin PBXFileReference section */
		A32FEFBA242515E2001168C7 /* 34_swiftUI_App_Example.app */ = {isa = PBXFileReference; explicitFileType = wrapper.application; includeInIndex = 0; path = 34_swiftUI_App_Example.app; sourceTree = BUILT_PRODUCTS_DIR; };
		A32FEFBD242515E2001168C7 /* AppDelegate.swift */ = {isa = PBXFileReference; lastKnownFileType = sourcecode.swift; path = AppDelegate.swift; sourceTree = "<group>"; };
		A32FEFBF242515E2001168C7 /* SceneDelegate.swift */ = {isa = PBXFileReference; lastKnownFileType = sourcecode.swift; path = SceneDelegate.swift; sourceTree = "<group>"; };
		A32FEFC2242515E2001168C7 /* _4_swiftUI_App_Example.xcdatamodel */ = {isa = PBXFileReference; lastKnownFileType = wrapper.xcdatamodel; path = _4_swiftUI_App_Example.xcdatamodel; sourceTree = "<group>"; };
		A32FEFC4242515E2001168C7 /* ContentView.swift */ = {isa = PBXFileReference; lastKnownFileType = sourcecode.swift; path = ContentView.swift; sourceTree = "<group>"; };
		A32FEFC6242515E3001168C7 /* Assets.xcassets */ = {isa = PBXFileReference; lastKnownFileType = folder.assetcatalog; path = Assets.xcassets; sourceTree = "<group>"; };
		A32FEFC9242515E3001168C7 /* Preview Assets.xcassets */ = {isa = PBXFileReference; lastKnownFileType = folder.assetcatalog; path = "Preview Assets.xcassets"; sourceTree = "<group>"; };
		A32FEFCC242515E3001168C7 /* Base */ = {isa = PBXFileReference; lastKnownFileType = file.storyboard; name = Base; path = Base.lproj/LaunchScreen.storyboard; sourceTree = "<group>"; };
		A32FEFCE242515E3001168C7 /* Info.plist */ = {isa = PBXFileReference; lastKnownFileType = text.plist.xml; path = Info.plist; sourceTree = "<group>"; };
/* End PBXFileReference section */

/* Begin PBXFrameworksBuildPhase section */
		A32FEFB7242515E2001168C7 /* Frameworks */ = {
			isa = PBXFrameworksBuildPhase;
			buildActionMask = 2147483647;
			files = (
			);
			runOnlyForDeploymentPostprocessing = 0;
		};
/* End PBXFrameworksBuildPhase section */

/* Begin PBXGroup section */
		A32FEFB1242515E2001168C7 = {
			isa = PBXGroup;
			children = (
				A32FEFBC242515E2001168C7 /* 34_swiftUI_App_Example */,
				A32FEFBB242515E2001168C7 /* Products */,
			);
			sourceTree = "<group>";
		};
		A32FEFBB242515E2001168C7 /* Products */ = {
			isa = PBXGroup;
			children = (
				A32FEFBA242515E2001168C7 /* 34_swiftUI_App_Example.app */,
			);
			name = Products;
			sourceTree = "<group>";
		};
		A32FEFBC242515E2001168C7 /* 34_swiftUI_App_Example */ = {
			isa = PBXGroup;
			children = (
				A32FEFBD242515E2001168C7 /* AppDelegate.swift */,
				A32FEFBF242515E2001168C7 /* SceneDelegate.swift */,
				A32FEFC4242515E2001168C7 /* ContentView.swift */,
				A32FEFC6242515E3001168C7 /* Assets.xcassets */,
				A32FEFCB242515E3001168C7 /* LaunchScreen.storyboard */,
				A32FEFCE242515E3001168C7 /* Info.plist */,
				A32FEFC1242515E2001168C7 /* _4_swiftUI_App_Example.xcdatamodeld */,
				A32FEFC8242515E3001168C7 /* Preview Content */,
			);
			path = 34_swiftUI_App_Example;
			sourceTree = "<group>";
		};
		A32FEFC8242515E3001168C7 /* Preview Content */ = {
			isa = PBXGroup;
			children = (
				A32FEFC9242515E3001168C7 /* Preview Assets.xcassets */,
			);
			path = "Preview Content";
			sourceTree = "<group>";
		};
/* End PBXGroup section */

/* Begin PBXNativeTarget section */
		A32FEFB9242515E2001168C7 /* 34_swiftUI_App_Example */ = {
			isa = PBXNativeTarget;
			buildConfigurationList = A32FEFD1242515E3001168C7 /* Build configuration list for PBXNativeTarget "34_swiftUI_App_Example" */;
			buildPhases = (
				A32FEFB6242515E2001168C7 /* Sources */,
				A32FEFB7242515E2001168C7 /* Frameworks */,
				A32FEFB8242515E2001168C7 /* Resources */,
			);
			buildRules = (
			);
			dependencies = (
			);
			name = 34_swiftUI_App_Example;
			productName = 34_swiftUI_App_Example;
			productReference = A32FEFBA242515E2001168C7 /* 34_swiftUI_App_Example.app */;
			productType = "com.apple.product-type.application";
		};
/* End PBXNativeTarget section */

/* Begin PBXProject section */
		A32FEFB2242515E2001168C7 /* Project object */ = {
			isa = PBXProject;
			attributes = {
				LastSwiftUpdateCheck = 1130;
				LastUpgradeCheck = 1130;
				ORGANIZATIONNAME = fedir;
				TargetAttributes = {
					A32FEFB9242515E2001168C7 = {
						CreatedOnToolsVersion = 11.3;
					};
				};
			};
			buildConfigurationList = A32FEFB5242515E2001168C7 /* Build configuration list for PBXProject "34_swiftUI_App_Example" */;
			compatibilityVersion = "Xcode 9.3";
			developmentRegion = en;
			hasScannedForEncodings = 0;
			knownRegions = (
				en,
				Base,
			);
			mainGroup = A32FEFB1242515E2001168C7;
			productRefGroup = A32FEFBB242515E2001168C7 /* Products */;
			projectDirPath = "";
			projectRoot = "";
			targets = (
				A32FEFB9242515E2001168C7 /* 34_swiftUI_App_Example */,
			);
		};
/* End PBXProject section */

/* Begin PBXResourcesBuildPhase section */
		A32FEFB8242515E2001168C7 /* Resources */ = {
			isa = PBXResourcesBuildPhase;
			buildActionMask = 2147483647;
			files = (
				A32FEFCD242515E3001168C7 /* LaunchScreen.storyboard in Resources */,
				A32FEFCA242515E3001168C7 /* Preview Assets.xcassets in Resources */,
				A32FEFC7242515E3001168C7 /* Assets.xcassets in Resources */,
			);
			runOnlyForDeploymentPostprocessing = 0;
		};
/* End PBXResourcesBuildPhase section */

/* Begin PBXSourcesBuildPhase section */
		A32FEFB6242515E2001168C7 /* Sources */ = {
			isa = PBXSourcesBuildPhase;
			buildActionMask = 2147483647;
			files = (
				A32FEFBE242515E2001168C7 /* AppDelegate.swift in Sources */,
				A32FEFC0242515E2001168C7 /* SceneDelegate.swift in Sources */,
				A32FEFC5242515E2001168C7 /* ContentView.swift in Sources */,
				A32FEFC3242515E2001168C7 /* _4_swiftUI_App_Example.xcdatamodeld in Sources */,
			);
			runOnlyForDeploymentPostprocessing = 0;
		};
/* End PBXSourcesBuildPhase section */

/* Begin PBXVariantGroup section */
		A32FEFCB242515E3001168C7 /* LaunchScreen.storyboard */ = {
			isa = PBXVariantGroup;
			children = (
				A32FEFCC242515E3001168C7 /* Base */,
			);
			name = LaunchScreen.storyboard;
			sourceTree = "<group>";
		};
/* End PBXVariantGroup section */

/* Begin XCBuildConfiguration section */
		A32FEFCF242515E3001168C7 /* Debug */ = {
			isa = XCBuildConfiguration;
			buildSettings = {
				ALWAYS_SEARCH_USER_PATHS = NO;
				CLANG_ANALYZER_NONNULL = YES;
				CLANG_ANALYZER_NUMBER_OBJECT_CONVERSION = YES_AGGRESSIVE;
				CLANG_CXX_LANGUAGE_STANDARD = "gnu++14";
				CLANG_CXX_LIBRARY = "libc++";
				CLANG_ENABLE_MODULES = YES;
				CLANG_ENABLE_OBJC_ARC = YES;
				CLANG_ENABLE_OBJC_WEAK = YES;
				CLANG_WARN_BLOCK_CAPTURE_AUTORELEASING = YES;
				CLANG_WARN_BOOL_CONVERSION = YES;
				CLANG_WARN_COMMA = YES;
				CLANG_WARN_CONSTANT_CONVERSION = YES;
				CLANG_WARN_DEPRECATED_OBJC_IMPLEMENTATIONS = YES;
				CLANG_WARN_DIRECT_OBJC_ISA_USAGE = YES_ERROR;
				CLANG_WARN_DOCUMENTATION_COMMENTS = YES;
				CLANG_WARN_EMPTY_BODY = YES;
				CLANG_WARN_ENUM_CONVERSION = YES;
				CLANG_WARN_INFINITE_RECURSION = YES;
				CLANG_WARN_INT_CONVERSION = YES;
				CLANG_WARN_NON_LITERAL_NULL_CONVERSION = YES;
				CLANG_WARN_OBJC_IMPLICIT_RETAIN_SELF = YES;
				CLANG_WARN_OBJC_LITERAL_CONVERSION = YES;
				CLANG_WARN_OBJC_ROOT_CLASS = YES_ERROR;
				CLANG_WARN_RANGE_LOOP_ANALYSIS = YES;
				CLANG_WARN_STRICT_PROTOTYPES = YES;
				CLANG_WARN_SUSPICIOUS_MOVE = YES;
				CLANG_WARN_UNGUARDED_AVAILABILITY = YES_AGGRESSIVE;
				CLANG_WARN_UNREACHABLE_CODE = YES;
				CLANG_WARN__DUPLICATE_METHOD_MATCH = YES;
				COPY_PHASE_STRIP = NO;
				DEBUG_INFORMATION_FORMAT = dwarf;
				ENABLE_STRICT_OBJC_MSGSEND = YES;
				ENABLE_TESTABILITY = YES;
				GCC_C_LANGUAGE_STANDARD = gnu11;
				GCC_DYNAMIC_NO_PIC = NO;
				GCC_NO_COMMON_BLOCKS = YES;
				GCC_OPTIMIZATION_LEVEL = 0;
				GCC_PREPROCESSOR_DEFINITIONS = (
					"DEBUG=1",
					"$(inherited)",
				);
				GCC_WARN_64_TO_32_BIT_CONVERSION = YES;
				GCC_WARN_ABOUT_RETURN_TYPE = YES_ERROR;
				GCC_WARN_UNDECLARED_SELECTOR = YES;
				GCC_WARN_UNINITIALIZED_AUTOS = YES_AGGRESSIVE;
				GCC_WARN_UNUSED_FUNCTION = YES;
				GCC_WARN_UNUSED_VARIABLE = YES;
				IPHONEOS_DEPLOYMENT_TARGET = 13.2;
				MTL_ENABLE_DEBUG_INFO = INCLUDE_SOURCE;
				MTL_FAST_MATH = YES;
				ONLY_ACTIVE_ARCH = YES;
				SDKROOT = iphoneos;
				SWIFT_ACTIVE_COMPILATION_CONDITIONS = DEBUG;
				SWIFT_OPTIMIZATION_LEVEL = "-Onone";
			};
			name = Debug;
		};
		A32FEFD0242515E3001168C7 /* Release */ = {
			isa = XCBuildConfiguration;
			buildSettings = {
				ALWAYS_SEARCH_USER_PATHS = NO;
				CLANG_ANALYZER_NONNULL = YES;
				CLANG_ANALYZER_NUMBER_OBJECT_CONVERSION = YES_AGGRESSIVE;
				CLANG_CXX_LANGUAGE_STANDARD = "gnu++14";
				CLANG_CXX_LIBRARY = "libc++";
				CLANG_ENABLE_MODULES = YES;
				CLANG_ENABLE_OBJC_ARC = YES;
				CLANG_ENABLE_OBJC_WEAK = YES;
				CLANG_WARN_BLOCK_CAPTURE_AUTORELEASING = YES;
				CLANG_WARN_BOOL_CONVERSION = YES;
				CLANG_WARN_COMMA = YES;
				CLANG_WARN_CONSTANT_CONVERSION = YES;
				CLANG_WARN_DEPRECATED_OBJC_IMPLEMENTATIONS = YES;
				CLANG_WARN_DIRECT_OBJC_ISA_USAGE = YES_ERROR;
				CLANG_WARN_DOCUMENTATION_COMMENTS = YES;
				CLANG_WARN_EMPTY_BODY = YES;
				CLANG_WARN_ENUM_CONVERSION = YES;
				CLANG_WARN_INFINITE_RECURSION = YES;
				CLANG_WARN_INT_CONVERSION = YES;
				CLANG_WARN_NON_LITERAL_NULL_CONVERSION = YES;
				CLANG_WARN_OBJC_IMPLICIT_RETAIN_SELF = YES;
				CLANG_WARN_OBJC_LITERAL_CONVERSION = YES;
				CLANG_WARN_OBJC_ROOT_CLASS = YES_ERROR;
				CLANG_WARN_RANGE_LOOP_ANALYSIS = YES;
				CLANG_WARN_STRICT_PROTOTYPES = YES;
				CLANG_WARN_SUSPICIOUS_MOVE = YES;
				CLANG_WARN_UNGUARDED_AVAILABILITY = YES_AGGRESSIVE;
				CLANG_WARN_UNREACHABLE_CODE = YES;
				CLANG_WARN__DUPLICATE_METHOD_MATCH = YES;
				COPY_PHASE_STRIP = NO;
				DEBUG_INFORMATION_FORMAT = "dwarf-with-dsym";
				ENABLE_NS_ASSERTIONS = NO;
				ENABLE_STRICT_OBJC_MSGSEND = YES;
				GCC_C_LANGUAGE_STANDARD = gnu11;
				GCC_NO_COMMON_BLOCKS = YES;
				GCC_WARN_64_TO_32_BIT_CONVERSION = YES;
				GCC_WARN_ABOUT_RETURN_TYPE = YES_ERROR;
				GCC_WARN_UNDECLARED_SELECTOR = YES;
				GCC_WARN_UNINITIALIZED_AUTOS = YES_AGGRESSIVE;
				GCC_WARN_UNUSED_FUNCTION = YES;
				GCC_WARN_UNUSED_VARIABLE = YES;
				IPHONEOS_DEPLOYMENT_TARGET = 13.2;
				MTL_ENABLE_DEBUG_INFO = NO;
				MTL_FAST_MATH = YES;
				SDKROOT = iphoneos;
				SWIFT_COMPILATION_MODE = wholemodule;
				SWIFT_OPTIMIZATION_LEVEL = "-O";
				VALIDATE_PRODUCT = YES;
			};
			name = Release;
		};
		A32FEFD2242515E3001168C7 /* Debug */ = {
			isa = XCBuildConfiguration;
			buildSettings = {
				ASSETCATALOG_COMPILER_APPICON_NAME = AppIcon;
				CODE_SIGN_STYLE = Automatic;
				DEVELOPMENT_ASSET_PATHS = "\"34_swiftUI_App_Example/Preview Content\"";
				DEVELOPMENT_TEAM = YPXDVQFQ53;
				ENABLE_PREVIEWS = YES;
				INFOPLIST_FILE = 34_swiftUI_App_Example/Info.plist;
				LD_RUNPATH_SEARCH_PATHS = (
					"$(inherited)",
					"@executable_path/Frameworks",
				);
				PRODUCT_BUNDLE_IDENTIFIER = "fedir72.-4-swiftUI-App-Example";
				PRODUCT_NAME = "$(TARGET_NAME)";
				SWIFT_VERSION = 5.0;
				TARGETED_DEVICE_FAMILY = "1,2";
			};
			name = Debug;
		};
		A32FEFD3242515E3001168C7 /* Release */ = {
			isa = XCBuildConfiguration;
			buildSettings = {
				ASSETCATALOG_COMPILER_APPICON_NAME = AppIcon;
				CODE_SIGN_STYLE = Automatic;
				DEVELOPMENT_ASSET_PATHS = "\"34_swiftUI_App_Example/Preview Content\"";
				DEVELOPMENT_TEAM = YPXDVQFQ53;
				ENABLE_PREVIEWS = YES;
				INFOPLIST_FILE = 34_swiftUI_App_Example/Info.plist;
				LD_RUNPATH_SEARCH_PATHS = (
					"$(inherited)",
					"@executable_path/Frameworks",
				);
				PRODUCT_BUNDLE_IDENTIFIER = "fedir72.-4-swiftUI-App-Example";
				PRODUCT_NAME = "$(TARGET_NAME)";
				SWIFT_VERSION = 5.0;
				TARGETED_DEVICE_FAMILY = "1,2";
			};
			name = Release;
		};
/* End XCBuildConfiguration section */

/* Begin XCConfigurationList section */
		A32FEFB5242515E2001168C7 /* Build configuration list for PBXProject "34_swiftUI_App_Example" */ = {
			isa = XCConfigurationList;
			buildConfigurations = (
				A32FEFCF242515E3001168C7 /* Debug */,
				A32FEFD0242515E3001168C7 /* Release */,
			);
			defaultConfigurationIsVisible = 0;
			defaultConfigurationName = Release;
		};
		A32FEFD1242515E3001168C7 /* Build configuration list for PBXNativeTarget "34_swiftUI_App_Example" */ = {
			isa = XCConfigurationList;
			buildConfigurations = (
				A32FEFD2242515E3001168C7 /* Debug */,
				A32FEFD3242515E3001168C7 /* Release */,
			);
			defaultConfigurationIsVisible = 0;
			defaultConfigurationName = Release;
		};
/* End XCConfigurationList section */

/* Begin XCVersionGroup section */
		A32FEFC1242515E2001168C7 /* _4_swiftUI_App_Example.xcdatamodeld */ = {
			isa = XCVersionGroup;
			children = (
				A32FEFC2242515E2001168C7 /* _4_swiftUI_App_Example.xcdatamodel */,
			);
			currentVersion = A32FEFC2242515E2001168C7 /* _4_swiftUI_App_Example.xcdatamodel */;
			path = _4_swiftUI_App_Example.xcdatamodeld;
			sourceTree = "<group>";
			versionGroupType = wrapper.xcdatamodel;
		};
/* End XCVersionGroup section */
	};
	rootObject = A32FEFB2242515E2001168C7 /* Project object */;
}
